
Microsoft Visual Studio Solution File, Format Version 12.00
# Visual Studio Version 16
VisualStudioVersion = 16.0.31205.134
MinimumVisualStudioVersion = 10.0.40219.1
Project("{FAE04EC0-301F-11D3-BF4B-00C04F79EFBC}") = "FileManager", "FileManager\FileManager.csproj", "{D77ADFDD-EA53-4ADC-8B8D-2D7A1F00ED2B}"
EndProject
Global
	GlobalSection(SolutionConfigurationPlatforms) = preSolution
		Debug|Any CPU = Debug|Any CPU
		Release|Any CPU = Release|Any CPU
	EndGlobalSection
	GlobalSection(ProjectConfigurationPlatforms) = postSolution
		{D77ADFDD-EA53-4ADC-8B8D-2D7A1F00ED2B}.Debug|Any CPU.ActiveCfg = Debug|Any CPU
		{D77ADFDD-EA53-4ADC-8B8D-2D7A1F00ED2B}.Debug|Any CPU.Build.0 = Debug|Any CPU
		{D77ADFDD-EA53-4ADC-8B8D-2D7A1F00ED2B}.Release|Any CPU.ActiveCfg = Release|Any CPU
		{D77ADFDD-EA53-4ADC-8B8D-2D7A1F00ED2B}.Release|Any CPU.Build.0 = Release|Any CPU
	EndGlobalSection
	GlobalSection(SolutionProperties) = preSolution
		HideSolutionNode = FALSE
	EndGlobalSection
	GlobalSection(ExtensibilityGlobals) = postSolution
		SolutionGuid = {C651397E-DC4C-4049-AC84-51B3C8C4F540}
	EndGlobalSection
EndGlobal
